
Microsoft Visual Studio Solution File, Format Version 12.00
# Visual Studio Version 16
VisualStudioVersion = 16.0.30413.136
MinimumVisualStudioVersion = 10.0.40219.1
Project("{FAE04EC0-301F-11D3-BF4B-00C04F79EFBC}") = "InfinityMeshTest", "InfinityMeshTest\InfinityMeshTest.csproj", "{26BF8282-5FCA-4372-B3AE-C8CFC0D5E3ED}"
	ProjectSection(ProjectDependencies) = postProject
		{532FD493-A941-460E-825F-B944CF629B0A} = {532FD493-A941-460E-825F-B944CF629B0A}
	EndProjectSection
EndProject
Project("{FAE04EC0-301F-11D3-BF4B-00C04F79EFBC}") = "InfinityMeshTest.Dal", "InfinityMeshTest.Dal\InfinityMeshTest.Dal.csproj", "{532FD493-A941-460E-825F-B944CF629B0A}"
EndProject
Global
	GlobalSection(SolutionConfigurationPlatforms) = preSolution
		Debug|Any CPU = Debug|Any CPU
		Release|Any CPU = Release|Any CPU
	EndGlobalSection
	GlobalSection(ProjectConfigurationPlatforms) = postSolution
		{26BF8282-5FCA-4372-B3AE-C8CFC0D5E3ED}.Debug|Any CPU.ActiveCfg = Debug|Any CPU
		{26BF8282-5FCA-4372-B3AE-C8CFC0D5E3ED}.Debug|Any CPU.Build.0 = Debug|Any CPU
		{26BF8282-5FCA-4372-B3AE-C8CFC0D5E3ED}.Release|Any CPU.ActiveCfg = Release|Any CPU
		{26BF8282-5FCA-4372-B3AE-C8CFC0D5E3ED}.Release|Any CPU.Build.0 = Release|Any CPU
		{532FD493-A941-460E-825F-B944CF629B0A}.Debug|Any CPU.ActiveCfg = Debug|Any CPU
		{532FD493-A941-460E-825F-B944CF629B0A}.Debug|Any CPU.Build.0 = Debug|Any CPU
		{532FD493-A941-460E-825F-B944CF629B0A}.Release|Any CPU.ActiveCfg = Release|Any CPU
		{532FD493-A941-460E-825F-B944CF629B0A}.Release|Any CPU.Build.0 = Release|Any CPU
	EndGlobalSection
	GlobalSection(SolutionProperties) = preSolution
		HideSolutionNode = FALSE
	EndGlobalSection
	GlobalSection(ExtensibilityGlobals) = postSolution
		SolutionGuid = {3480602E-6AAA-4B7B-9EA5-5AD4515455B0}
	EndGlobalSection
EndGlobal
